
Microsoft Visual Studio Solution File, Format Version 12.00
Project("{FAE04EC0-301F-11D3-BF4B-00C04F79EFBC}") = "Product Inventory Project", "Product Inventory Project\Product Inventory Project.csproj", "{06CFE6CF-DD8B-40AD-80A2-FA28A58FC7F1}"
EndProject
Global
	GlobalSection(SolutionConfigurationPlatforms) = preSolution
		Debug|Any CPU = Debug|Any CPU
		Release|Any CPU = Release|Any CPU
	EndGlobalSection
	GlobalSection(ProjectConfigurationPlatforms) = postSolution
		{06CFE6CF-DD8B-40AD-80A2-FA28A58FC7F1}.Debug|Any CPU.ActiveCfg = Debug|Any CPU
		{06CFE6CF-DD8B-40AD-80A2-FA28A58FC7F1}.Debug|Any CPU.Build.0 = Debug|Any CPU
		{06CFE6CF-DD8B-40AD-80A2-FA28A58FC7F1}.Release|Any CPU.ActiveCfg = Release|Any CPU
		{06CFE6CF-DD8B-40AD-80A2-FA28A58FC7F1}.Release|Any CPU.Build.0 = Release|Any CPU
	EndGlobalSection
EndGlobal
